{
  "name": "sse_test",
  "version": "1.0.0",
  "lockfileVersion": 1,
  "requires": true,
  "dependencies": {
    "@titelmedia/node-fetch": {
      "version": "3.1.1",
      "resolved": "https://registry.npmjs.org/@titelmedia/node-fetch/-/node-fetch-3.1.1.tgz",
      "integrity": "sha512-4Rrag5DjxSAzpL9MswXGBG6ZA9wEE9fEzQukyv1zJZTG+ff6dsm3tbzbYmNDxZXi7HwhPFJfxUZmvXsGCJK/ng==",
      "requires": {
        "web-streams-polyfill": "^2.1.1"
      }
    },
    "event-source-polyfill": {
      "version": "1.0.31",
      "resolved": "https://registry.npmjs.org/event-source-polyfill/-/event-source-polyfill-1.0.31.tgz",
      "integrity": "sha512-4IJSItgS/41IxN5UVAVuAyczwZF7ZIEsM1XAoUzIHA6A+xzusEZUutdXz2Nr+MQPLxfTiCvqE79/C8HT8fKFvA=="
    },
    "web-streams-polyfill": {
      "version": "2.1.1",
      "resolved": "https://registry.npmjs.org/web-streams-polyfill/-/web-streams-polyfill-2.1.1.tgz",
      "integrity": "sha512-dlNpL2aab3g8CKfGz6rl8FNmGaRWLLn2g/DtSc9IjB30mEdE6XxzPfPSig5BwGSzI+oLxHyETrQGKjrVVhbLCg=="
    }
  }
}
